// !$*UTF8*$!
{
	archiveVersion = 1;
	classes = {
	};
	objectVersion = 50;
	objects = {

/* Begin PBXBuildFile section */
		8C21663A243DFDF000117FB5 /* AppDelegate.swift in Sources */ = {isa = PBXBuildFile; fileRef = 8C216639243DFDF000117FB5 /* AppDelegate.swift */; };
		8C21663C243DFDF000117FB5 /* SceneDelegate.swift in Sources */ = {isa = PBXBuildFile; fileRef = 8C21663B243DFDF000117FB5 /* SceneDelegate.swift */; };
		8C21663E243DFDF000117FB5 /* ContentView.swift in Sources */ = {isa = PBXBuildFile; fileRef = 8C21663D243DFDF000117FB5 /* ContentView.swift */; };
		8C216640243DFDF200117FB5 /* Assets.xcassets in Resources */ = {isa = PBXBuildFile; fileRef = 8C21663F243DFDF200117FB5 /* Assets.xcassets */; };
		8C216643243DFDF200117FB5 /* Preview Assets.xcassets in Resources */ = {isa = PBXBuildFile; fileRef = 8C216642243DFDF200117FB5 /* Preview Assets.xcassets */; };
		8C216646243DFDF200117FB5 /* LaunchScreen.storyboard in Resources */ = {isa = PBXBuildFile; fileRef = 8C216644243DFDF200117FB5 /* LaunchScreen.storyboard */; };
		8C216651243DFDF200117FB5 /* SpaceXDataTests.swift in Sources */ = {isa = PBXBuildFile; fileRef = 8C216650243DFDF200117FB5 /* SpaceXDataTests.swift */; };
		8C21665C243DFDF200117FB5 /* SpaceXDataUITests.swift in Sources */ = {isa = PBXBuildFile; fileRef = 8C21665B243DFDF200117FB5 /* SpaceXDataUITests.swift */; };
/* End PBXBuildFile section */

/* Begin PBXContainerItemProxy section */
		8C21664D243DFDF200117FB5 /* PBXContainerItemProxy */ = {
			isa = PBXContainerItemProxy;
			containerPortal = 8C21662E243DFDF000117FB5 /* Project object */;
			proxyType = 1;
			remoteGlobalIDString = 8C216635243DFDF000117FB5;
			remoteInfo = SpaceXData;
		};
		8C216658243DFDF200117FB5 /* PBXContainerItemProxy */ = {
			isa = PBXContainerItemProxy;
			containerPortal = 8C21662E243DFDF000117FB5 /* Project object */;
			proxyType = 1;
			remoteGlobalIDString = 8C216635243DFDF000117FB5;
			remoteInfo = SpaceXData;
		};
/* End PBXContainerItemProxy section */

/* Begin PBXFileReference section */
		8C216636243DFDF000117FB5 /* SpaceXData.app */ = {isa = PBXFileReference; explicitFileType = wrapper.application; includeInIndex = 0; path = SpaceXData.app; sourceTree = BUILT_PRODUCTS_DIR; };
		8C216639243DFDF000117FB5 /* AppDelegate.swift */ = {isa = PBXFileReference; lastKnownFileType = sourcecode.swift; path = AppDelegate.swift; sourceTree = "<group>"; };
		8C21663B243DFDF000117FB5 /* SceneDelegate.swift */ = {isa = PBXFileReference; lastKnownFileType = sourcecode.swift; path = SceneDelegate.swift; sourceTree = "<group>"; };
		8C21663D243DFDF000117FB5 /* ContentView.swift */ = {isa = PBXFileReference; lastKnownFileType = sourcecode.swift; path = ContentView.swift; sourceTree = "<group>"; };
		8C21663F243DFDF200117FB5 /* Assets.xcassets */ = {isa = PBXFileReference; lastKnownFileType = folder.assetcatalog; path = Assets.xcassets; sourceTree = "<group>"; };
		8C216642243DFDF200117FB5 /* Preview Assets.xcassets */ = {isa = PBXFileReference; lastKnownFileType = folder.assetcatalog; path = "Preview Assets.xcassets"; sourceTree = "<group>"; };
		8C216645243DFDF200117FB5 /* Base */ = {isa = PBXFileReference; lastKnownFileType = file.storyboard; name = Base; path = Base.lproj/LaunchScreen.storyboard; sourceTree = "<group>"; };
		8C216647243DFDF200117FB5 /* Info.plist */ = {isa = PBXFileReference; lastKnownFileType = text.plist.xml; path = Info.plist; sourceTree = "<group>"; };
		8C21664C243DFDF200117FB5 /* SpaceXDataTests.xctest */ = {isa = PBXFileReference; explicitFileType = wrapper.cfbundle; includeInIndex = 0; path = SpaceXDataTests.xctest; sourceTree = BUILT_PRODUCTS_DIR; };
		8C216650243DFDF200117FB5 /* SpaceXDataTests.swift */ = {isa = PBXFileReference; lastKnownFileType = sourcecode.swift; path = SpaceXDataTests.swift; sourceTree = "<group>"; };
		8C216652243DFDF200117FB5 /* Info.plist */ = {isa = PBXFileReference; lastKnownFileType = text.plist.xml; path = Info.plist; sourceTree = "<group>"; };
		8C216657243DFDF200117FB5 /* SpaceXDataUITests.xctest */ = {isa = PBXFileReference; explicitFileType = wrapper.cfbundle; includeInIndex = 0; path = SpaceXDataUITests.xctest; sourceTree = BUILT_PRODUCTS_DIR; };
		8C21665B243DFDF200117FB5 /* SpaceXDataUITests.swift */ = {isa = PBXFileReference; lastKnownFileType = sourcecode.swift; path = SpaceXDataUITests.swift; sourceTree = "<group>"; };
		8C21665D243DFDF200117FB5 /* Info.plist */ = {isa = PBXFileReference; lastKnownFileType = text.plist.xml; path = Info.plist; sourceTree = "<group>"; };
/* End PBXFileReference section */

/* Begin PBXFrameworksBuildPhase section */
		8C216633243DFDF000117FB5 /* Frameworks */ = {
			isa = PBXFrameworksBuildPhase;
			buildActionMask = 2147483647;
			files = (
			);
			runOnlyForDeploymentPostprocessing = 0;
		};
		8C216649243DFDF200117FB5 /* Frameworks */ = {
			isa = PBXFrameworksBuildPhase;
			buildActionMask = 2147483647;
			files = (
			);
			runOnlyForDeploymentPostprocessing = 0;
		};
		8C216654243DFDF200117FB5 /* Frameworks */ = {
			isa = PBXFrameworksBuildPhase;
			buildActionMask = 2147483647;
			files = (
			);
			runOnlyForDeploymentPostprocessing = 0;
		};
/* End PBXFrameworksBuildPhase section */

/* Begin PBXGroup section */
		8C21662D243DFDF000117FB5 = {
			isa = PBXGroup;
			children = (
				8C216638243DFDF000117FB5 /* SpaceXData */,
				8C21664F243DFDF200117FB5 /* SpaceXDataTests */,
				8C21665A243DFDF200117FB5 /* SpaceXDataUITests */,
				8C216637243DFDF000117FB5 /* Products */,
			);
			sourceTree = "<group>";
		};
		8C216637243DFDF000117FB5 /* Products */ = {
			isa = PBXGroup;
			children = (
				8C216636243DFDF000117FB5 /* SpaceXData.app */,
				8C21664C243DFDF200117FB5 /* SpaceXDataTests.xctest */,
				8C216657243DFDF200117FB5 /* SpaceXDataUITests.xctest */,
			);
			name = Products;
			sourceTree = "<group>";
		};
		8C216638243DFDF000117FB5 /* SpaceXData */ = {
			isa = PBXGroup;
			children = (
				8C216639243DFDF000117FB5 /* AppDelegate.swift */,
				8C21663B243DFDF000117FB5 /* SceneDelegate.swift */,
				8C21663D243DFDF000117FB5 /* ContentView.swift */,
				8C21663F243DFDF200117FB5 /* Assets.xcassets */,
				8C216644243DFDF200117FB5 /* LaunchScreen.storyboard */,
				8C216647243DFDF200117FB5 /* Info.plist */,
				8C216641243DFDF200117FB5 /* Preview Content */,
			);
			path = SpaceXData;
			sourceTree = "<group>";
		};
		8C216641243DFDF200117FB5 /* Preview Content */ = {
			isa = PBXGroup;
			children = (
				8C216642243DFDF200117FB5 /* Preview Assets.xcassets */,
			);
			path = "Preview Content";
			sourceTree = "<group>";
		};
		8C21664F243DFDF200117FB5 /* SpaceXDataTests */ = {
			isa = PBXGroup;
			children = (
				8C216650243DFDF200117FB5 /* SpaceXDataTests.swift */,
				8C216652243DFDF200117FB5 /* Info.plist */,
			);
			path = SpaceXDataTests;
			sourceTree = "<group>";
		};
		8C21665A243DFDF200117FB5 /* SpaceXDataUITests */ = {
			isa = PBXGroup;
			children = (
				8C21665B243DFDF200117FB5 /* SpaceXDataUITests.swift */,
				8C21665D243DFDF200117FB5 /* Info.plist */,
			);
			path = SpaceXDataUITests;
			sourceTree = "<group>";
		};
/* End PBXGroup section */

/* Begin PBXNativeTarget section */
		8C216635243DFDF000117FB5 /* SpaceXData */ = {
			isa = PBXNativeTarget;
			buildConfigurationList = 8C216660243DFDF200117FB5 /* Build configuration list for PBXNativeTarget "SpaceXData" */;
			buildPhases = (
				8C216632243DFDF000117FB5 /* Sources */,
				8C216633243DFDF000117FB5 /* Frameworks */,
				8C216634243DFDF000117FB5 /* Resources */,
			);
			buildRules = (
			);
			dependencies = (
			);
			name = SpaceXData;
			productName = SpaceXData;
			productReference = 8C216636243DFDF000117FB5 /* SpaceXData.app */;
			productType = "com.apple.product-type.application";
		};
		8C21664B243DFDF200117FB5 /* SpaceXDataTests */ = {
			isa = PBXNativeTarget;
			buildConfigurationList = 8C216663243DFDF200117FB5 /* Build configuration list for PBXNativeTarget "SpaceXDataTests" */;
			buildPhases = (
				8C216648243DFDF200117FB5 /* Sources */,
				8C216649243DFDF200117FB5 /* Frameworks */,
				8C21664A243DFDF200117FB5 /* Resources */,
			);
			buildRules = (
			);
			dependencies = (
				8C21664E243DFDF200117FB5 /* PBXTargetDependency */,
			);
			name = SpaceXDataTests;
			productName = SpaceXDataTests;
			productReference = 8C21664C243DFDF200117FB5 /* SpaceXDataTests.xctest */;
			productType = "com.apple.product-type.bundle.unit-test";
		};
		8C216656243DFDF200117FB5 /* SpaceXDataUITests */ = {
			isa = PBXNativeTarget;
			buildConfigurationList = 8C216666243DFDF200117FB5 /* Build configuration list for PBXNativeTarget "SpaceXDataUITests" */;
			buildPhases = (
				8C216653243DFDF200117FB5 /* Sources */,
				8C216654243DFDF200117FB5 /* Frameworks */,
				8C216655243DFDF200117FB5 /* Resources */,
			);
			buildRules = (
			);
			dependencies = (
				8C216659243DFDF200117FB5 /* PBXTargetDependency */,
			);
			name = SpaceXDataUITests;
			productName = SpaceXDataUITests;
			productReference = 8C216657243DFDF200117FB5 /* SpaceXDataUITests.xctest */;
			productType = "com.apple.product-type.bundle.ui-testing";
		};
/* End PBXNativeTarget section */

/* Begin PBXProject section */
		8C21662E243DFDF000117FB5 /* Project object */ = {
			isa = PBXProject;
			attributes = {
				LastSwiftUpdateCheck = 1130;
				LastUpgradeCheck = 1130;
				ORGANIZATIONNAME = "DD/MF & Associates";
				TargetAttributes = {
					8C216635243DFDF000117FB5 = {
						CreatedOnToolsVersion = 11.3;
					};
					8C21664B243DFDF200117FB5 = {
						CreatedOnToolsVersion = 11.3;
						TestTargetID = 8C216635243DFDF000117FB5;
					};
					8C216656243DFDF200117FB5 = {
						CreatedOnToolsVersion = 11.3;
						TestTargetID = 8C216635243DFDF000117FB5;
					};
				};
			};
			buildConfigurationList = 8C216631243DFDF000117FB5 /* Build configuration list for PBXProject "SpaceXData" */;
			compatibilityVersion = "Xcode 9.3";
			developmentRegion = en;
			hasScannedForEncodings = 0;
			knownRegions = (
				en,
				Base,
			);
			mainGroup = 8C21662D243DFDF000117FB5;
			productRefGroup = 8C216637243DFDF000117FB5 /* Products */;
			projectDirPath = "";
			projectRoot = "";
			targets = (
				8C216635243DFDF000117FB5 /* SpaceXData */,
				8C21664B243DFDF200117FB5 /* SpaceXDataTests */,
				8C216656243DFDF200117FB5 /* SpaceXDataUITests */,
			);
		};
/* End PBXProject section */

/* Begin PBXResourcesBuildPhase section */
		8C216634243DFDF000117FB5 /* Resources */ = {
			isa = PBXResourcesBuildPhase;
			buildActionMask = 2147483647;
			files = (
				8C216646243DFDF200117FB5 /* LaunchScreen.storyboard in Resources */,
				8C216643243DFDF200117FB5 /* Preview Assets.xcassets in Resources */,
				8C216640243DFDF200117FB5 /* Assets.xcassets in Resources */,
			);
			runOnlyForDeploymentPostprocessing = 0;
		};
		8C21664A243DFDF200117FB5 /* Resources */ = {
			isa = PBXResourcesBuildPhase;
			buildActionMask = 2147483647;
			files = (
			);
			runOnlyForDeploymentPostprocessing = 0;
		};
		8C216655243DFDF200117FB5 /* Resources */ = {
			isa = PBXResourcesBuildPhase;
			buildActionMask = 2147483647;
			files = (
			);
			runOnlyForDeploymentPostprocessing = 0;
		};
/* End PBXResourcesBuildPhase section */

/* Begin PBXSourcesBuildPhase section */
		8C216632243DFDF000117FB5 /* Sources */ = {
			isa = PBXSourcesBuildPhase;
			buildActionMask = 2147483647;
			files = (
				8C21663A243DFDF000117FB5 /* AppDelegate.swift in Sources */,
				8C21663C243DFDF000117FB5 /* SceneDelegate.swift in Sources */,
				8C21663E243DFDF000117FB5 /* ContentView.swift in Sources */,
			);
			runOnlyForDeploymentPostprocessing = 0;
		};
		8C216648243DFDF200117FB5 /* Sources */ = {
			isa = PBXSourcesBuildPhase;
			buildActionMask = 2147483647;
			files = (
				8C216651243DFDF200117FB5 /* SpaceXDataTests.swift in Sources */,
			);
			runOnlyForDeploymentPostprocessing = 0;
		};
		8C216653243DFDF200117FB5 /* Sources */ = {
			isa = PBXSourcesBuildPhase;
			buildActionMask = 2147483647;
			files = (
				8C21665C243DFDF200117FB5 /* SpaceXDataUITests.swift in Sources */,
			);
			runOnlyForDeploymentPostprocessing = 0;
		};
/* End PBXSourcesBuildPhase section */

/* Begin PBXTargetDependency section */
		8C21664E243DFDF200117FB5 /* PBXTargetDependency */ = {
			isa = PBXTargetDependency;
			target = 8C216635243DFDF000117FB5 /* SpaceXData */;
			targetProxy = 8C21664D243DFDF200117FB5 /* PBXContainerItemProxy */;
		};
		8C216659243DFDF200117FB5 /* PBXTargetDependency */ = {
			isa = PBXTargetDependency;
			target = 8C216635243DFDF000117FB5 /* SpaceXData */;
			targetProxy = 8C216658243DFDF200117FB5 /* PBXContainerItemProxy */;
		};
/* End PBXTargetDependency section */

/* Begin PBXVariantGroup section */
		8C216644243DFDF200117FB5 /* LaunchScreen.storyboard */ = {
			isa = PBXVariantGroup;
			children = (
				8C216645243DFDF200117FB5 /* Base */,
			);
			name = LaunchScreen.storyboard;
			sourceTree = "<group>";
		};
/* End PBXVariantGroup section */

/* Begin XCBuildConfiguration section */
		8C21665E243DFDF200117FB5 /* Debug */ = {
			isa = XCBuildConfiguration;
			buildSettings = {
				ALWAYS_SEARCH_USER_PATHS = NO;
				CLANG_ANALYZER_NONNULL = YES;
				CLANG_ANALYZER_NUMBER_OBJECT_CONVERSION = YES_AGGRESSIVE;
				CLANG_CXX_LANGUAGE_STANDARD = "gnu++14";
				CLANG_CXX_LIBRARY = "libc++";
				CLANG_ENABLE_MODULES = YES;
				CLANG_ENABLE_OBJC_ARC = YES;
				CLANG_ENABLE_OBJC_WEAK = YES;
				CLANG_WARN_BLOCK_CAPTURE_AUTORELEASING = YES;
				CLANG_WARN_BOOL_CONVERSION = YES;
				CLANG_WARN_COMMA = YES;
				CLANG_WARN_CONSTANT_CONVERSION = YES;
				CLANG_WARN_DEPRECATED_OBJC_IMPLEMENTATIONS = YES;
				CLANG_WARN_DIRECT_OBJC_ISA_USAGE = YES_ERROR;
				CLANG_WARN_DOCUMENTATION_COMMENTS = YES;
				CLANG_WARN_EMPTY_BODY = YES;
				CLANG_WARN_ENUM_CONVERSION = YES;
				CLANG_WARN_INFINITE_RECURSION = YES;
				CLANG_WARN_INT_CONVERSION = YES;
				CLANG_WARN_NON_LITERAL_NULL_CONVERSION = YES;
				CLANG_WARN_OBJC_IMPLICIT_RETAIN_SELF = YES;
				CLANG_WARN_OBJC_LITERAL_CONVERSION = YES;
				CLANG_WARN_OBJC_ROOT_CLASS = YES_ERROR;
				CLANG_WARN_RANGE_LOOP_ANALYSIS = YES;
				CLANG_WARN_STRICT_PROTOTYPES = YES;
				CLANG_WARN_SUSPICIOUS_MOVE = YES;
				CLANG_WARN_UNGUARDED_AVAILABILITY = YES_AGGRESSIVE;
				CLANG_WARN_UNREACHABLE_CODE = YES;
				CLANG_WARN__DUPLICATE_METHOD_MATCH = YES;
				COPY_PHASE_STRIP = NO;
				DEBUG_INFORMATION_FORMAT = dwarf;
				ENABLE_STRICT_OBJC_MSGSEND = YES;
				ENABLE_TESTABILITY = YES;
				GCC_C_LANGUAGE_STANDARD = gnu11;
				GCC_DYNAMIC_NO_PIC = NO;
				GCC_NO_COMMON_BLOCKS = YES;
				GCC_OPTIMIZATION_LEVEL = 0;
				GCC_PREPROCESSOR_DEFINITIONS = (
					"DEBUG=1",
					"$(inherited)",
				);
				GCC_WARN_64_TO_32_BIT_CONVERSION = YES;
				GCC_WARN_ABOUT_RETURN_TYPE = YES_ERROR;
				GCC_WARN_UNDECLARED_SELECTOR = YES;
				GCC_WARN_UNINITIALIZED_AUTOS = YES_AGGRESSIVE;
				GCC_WARN_UNUSED_FUNCTION = YES;
				GCC_WARN_UNUSED_VARIABLE = YES;
				IPHONEOS_DEPLOYMENT_TARGET = 13.2;
				MTL_ENABLE_DEBUG_INFO = INCLUDE_SOURCE;
				MTL_FAST_MATH = YES;
				ONLY_ACTIVE_ARCH = YES;
				SDKROOT = iphoneos;
				SWIFT_ACTIVE_COMPILATION_CONDITIONS = DEBUG;
				SWIFT_OPTIMIZATION_LEVEL = "-Onone";
			};
			name = Debug;
		};
		8C21665F243DFDF200117FB5 /* Release */ = {
			isa = XCBuildConfiguration;
			buildSettings = {
				ALWAYS_SEARCH_USER_PATHS = NO;
				CLANG_ANALYZER_NONNULL = YES;
				CLANG_ANALYZER_NUMBER_OBJECT_CONVERSION = YES_AGGRESSIVE;
				CLANG_CXX_LANGUAGE_STANDARD = "gnu++14";
				CLANG_CXX_LIBRARY = "libc++";
				CLANG_ENABLE_MODULES = YES;
				CLANG_ENABLE_OBJC_ARC = YES;
				CLANG_ENABLE_OBJC_WEAK = YES;
				CLANG_WARN_BLOCK_CAPTURE_AUTORELEASING = YES;
				CLANG_WARN_BOOL_CONVERSION = YES;
				CLANG_WARN_COMMA = YES;
				CLANG_WARN_CONSTANT_CONVERSION = YES;
				CLANG_WARN_DEPRECATED_OBJC_IMPLEMENTATIONS = YES;
				CLANG_WARN_DIRECT_OBJC_ISA_USAGE = YES_ERROR;
				CLANG_WARN_DOCUMENTATION_COMMENTS = YES;
				CLANG_WARN_EMPTY_BODY = YES;
				CLANG_WARN_ENUM_CONVERSION = YES;
				CLANG_WARN_INFINITE_RECURSION = YES;
				CLANG_WARN_INT_CONVERSION = YES;
				CLANG_WARN_NON_LITERAL_NULL_CONVERSION = YES;
				CLANG_WARN_OBJC_IMPLICIT_RETAIN_SELF = YES;
				CLANG_WARN_OBJC_LITERAL_CONVERSION = YES;
				CLANG_WARN_OBJC_ROOT_CLASS = YES_ERROR;
				CLANG_WARN_RANGE_LOOP_ANALYSIS = YES;
				CLANG_WARN_STRICT_PROTOTYPES = YES;
				CLANG_WARN_SUSPICIOUS_MOVE = YES;
				CLANG_WARN_UNGUARDED_AVAILABILITY = YES_AGGRESSIVE;
				CLANG_WARN_UNREACHABLE_CODE = YES;
				CLANG_WARN__DUPLICATE_METHOD_MATCH = YES;
				COPY_PHASE_STRIP = NO;
				DEBUG_INFORMATION_FORMAT = "dwarf-with-dsym";
				ENABLE_NS_ASSERTIONS = NO;
				ENABLE_STRICT_OBJC_MSGSEND = YES;
				GCC_C_LANGUAGE_STANDARD = gnu11;
				GCC_NO_COMMON_BLOCKS = YES;
				GCC_WARN_64_TO_32_BIT_CONVERSION = YES;
				GCC_WARN_ABOUT_RETURN_TYPE = YES_ERROR;
				GCC_WARN_UNDECLARED_SELECTOR = YES;
				GCC_WARN_UNINITIALIZED_AUTOS = YES_AGGRESSIVE;
				GCC_WARN_UNUSED_FUNCTION = YES;
				GCC_WARN_UNUSED_VARIABLE = YES;
				IPHONEOS_DEPLOYMENT_TARGET = 13.2;
				MTL_ENABLE_DEBUG_INFO = NO;
				MTL_FAST_MATH = YES;
				SDKROOT = iphoneos;
				SWIFT_COMPILATION_MODE = wholemodule;
				SWIFT_OPTIMIZATION_LEVEL = "-O";
				VALIDATE_PRODUCT = YES;
			};
			name = Release;
		};
		8C216661243DFDF200117FB5 /* Debug */ = {
			isa = XCBuildConfiguration;
			buildSettings = {
				ASSETCATALOG_COMPILER_APPICON_NAME = AppIcon;
				CODE_SIGN_STYLE = Automatic;
				DEVELOPMENT_ASSET_PATHS = "\"SpaceXData/Preview Content\"";
				DEVELOPMENT_TEAM = 7LUX73A5G2;
				ENABLE_PREVIEWS = YES;
				INFOPLIST_FILE = SpaceXData/Info.plist;
				LD_RUNPATH_SEARCH_PATHS = (
					"$(inherited)",
					"@executable_path/Frameworks",
				);
				PRODUCT_BUNDLE_IDENTIFIER = "com.dd-mf.SpaceXData";
				PRODUCT_NAME = "$(TARGET_NAME)";
				SWIFT_VERSION = 5.0;
				TARGETED_DEVICE_FAMILY = "1,2";
			};
			name = Debug;
		};
		8C216662243DFDF200117FB5 /* Release */ = {
			isa = XCBuildConfiguration;
			buildSettings = {
				ASSETCATALOG_COMPILER_APPICON_NAME = AppIcon;
				CODE_SIGN_STYLE = Automatic;
				DEVELOPMENT_ASSET_PATHS = "\"SpaceXData/Preview Content\"";
				DEVELOPMENT_TEAM = 7LUX73A5G2;
				ENABLE_PREVIEWS = YES;
				INFOPLIST_FILE = SpaceXData/Info.plist;
				LD_RUNPATH_SEARCH_PATHS = (
					"$(inherited)",
					"@executable_path/Frameworks",
				);
				PRODUCT_BUNDLE_IDENTIFIER = "com.dd-mf.SpaceXData";
				PRODUCT_NAME = "$(TARGET_NAME)";
				SWIFT_VERSION = 5.0;
				TARGETED_DEVICE_FAMILY = "1,2";
			};
			name = Release;
		};
		8C216664243DFDF200117FB5 /* Debug */ = {
			isa = XCBuildConfiguration;
			buildSettings = {
				ALWAYS_EMBED_SWIFT_STANDARD_LIBRARIES = YES;
				BUNDLE_LOADER = "$(TEST_HOST)";
				CODE_SIGN_STYLE = Automatic;
				DEVELOPMENT_TEAM = 7LUX73A5G2;
				INFOPLIST_FILE = SpaceXDataTests/Info.plist;
				IPHONEOS_DEPLOYMENT_TARGET = 13.2;
				LD_RUNPATH_SEARCH_PATHS = (
					"$(inherited)",
					"@executable_path/Frameworks",
					"@loader_path/Frameworks",
				);
				PRODUCT_BUNDLE_IDENTIFIER = "com.dd-mf.SpaceXDataTests";
				PRODUCT_NAME = "$(TARGET_NAME)";
				SWIFT_VERSION = 5.0;
				TARGETED_DEVICE_FAMILY = "1,2";
				TEST_HOST = "$(BUILT_PRODUCTS_DIR)/SpaceXData.app/SpaceXData";
			};
			name = Debug;
		};
		8C216665243DFDF200117FB5 /* Release */ = {
			isa = XCBuildConfiguration;
			buildSettings = {
				ALWAYS_EMBED_SWIFT_STANDARD_LIBRARIES = YES;
				BUNDLE_LOADER = "$(TEST_HOST)";
				CODE_SIGN_STYLE = Automatic;
				DEVELOPMENT_TEAM = 7LUX73A5G2;
				INFOPLIST_FILE = SpaceXDataTests/Info.plist;
				IPHONEOS_DEPLOYMENT_TARGET = 13.2;
				LD_RUNPATH_SEARCH_PATHS = (
					"$(inherited)",
					"@executable_path/Frameworks",
					"@loader_path/Frameworks",
				);
				PRODUCT_BUNDLE_IDENTIFIER = "com.dd-mf.SpaceXDataTests";
				PRODUCT_NAME = "$(TARGET_NAME)";
				SWIFT_VERSION = 5.0;
				TARGETED_DEVICE_FAMILY = "1,2";
				TEST_HOST = "$(BUILT_PRODUCTS_DIR)/SpaceXData.app/SpaceXData";
			};
			name = Release;
		};
		8C216667243DFDF200117FB5 /* Debug */ = {
			isa = XCBuildConfiguration;
			buildSettings = {
				ALWAYS_EMBED_SWIFT_STANDARD_LIBRARIES = YES;
				CODE_SIGN_STYLE = Automatic;
				DEVELOPMENT_TEAM = 7LUX73A5G2;
				INFOPLIST_FILE = SpaceXDataUITests/Info.plist;
				LD_RUNPATH_SEARCH_PATHS = (
					"$(inherited)",
					"@executable_path/Frameworks",
					"@loader_path/Frameworks",
				);
				PRODUCT_BUNDLE_IDENTIFIER = "com.dd-mf.SpaceXDataUITests";
				PRODUCT_NAME = "$(TARGET_NAME)";
				SWIFT_VERSION = 5.0;
				TARGETED_DEVICE_FAMILY = "1,2";
				TEST_TARGET_NAME = SpaceXData;
			};
			name = Debug;
		};
		8C216668243DFDF200117FB5 /* Release */ = {
			isa = XCBuildConfiguration;
			buildSettings = {
				ALWAYS_EMBED_SWIFT_STANDARD_LIBRARIES = YES;
				CODE_SIGN_STYLE = Automatic;
				DEVELOPMENT_TEAM = 7LUX73A5G2;
				INFOPLIST_FILE = SpaceXDataUITests/Info.plist;
				LD_RUNPATH_SEARCH_PATHS = (
					"$(inherited)",
					"@executable_path/Frameworks",
					"@loader_path/Frameworks",
				);
				PRODUCT_BUNDLE_IDENTIFIER = "com.dd-mf.SpaceXDataUITests";
				PRODUCT_NAME = "$(TARGET_NAME)";
				SWIFT_VERSION = 5.0;
				TARGETED_DEVICE_FAMILY = "1,2";
				TEST_TARGET_NAME = SpaceXData;
			};
			name = Release;
		};
/* End XCBuildConfiguration section */

/* Begin XCConfigurationList section */
		8C216631243DFDF000117FB5 /* Build configuration list for PBXProject "SpaceXData" */ = {
			isa = XCConfigurationList;
			buildConfigurations = (
				8C21665E243DFDF200117FB5 /* Debug */,
				8C21665F243DFDF200117FB5 /* Release */,
			);
			defaultConfigurationIsVisible = 0;
			defaultConfigurationName = Release;
		};
		8C216660243DFDF200117FB5 /* Build configuration list for PBXNativeTarget "SpaceXData" */ = {
			isa = XCConfigurationList;
			buildConfigurations = (
				8C216661243DFDF200117FB5 /* Debug */,
				8C216662243DFDF200117FB5 /* Release */,
			);
			defaultConfigurationIsVisible = 0;
			defaultConfigurationName = Release;
		};
		8C216663243DFDF200117FB5 /* Build configuration list for PBXNativeTarget "SpaceXDataTests" */ = {
			isa = XCConfigurationList;
			buildConfigurations = (
				8C216664243DFDF200117FB5 /* Debug */,
				8C216665243DFDF200117FB5 /* Release */,
			);
			defaultConfigurationIsVisible = 0;
			defaultConfigurationName = Release;
		};
		8C216666243DFDF200117FB5 /* Build configuration list for PBXNativeTarget "SpaceXDataUITests" */ = {
			isa = XCConfigurationList;
			buildConfigurations = (
				8C216667243DFDF200117FB5 /* Debug */,
				8C216668243DFDF200117FB5 /* Release */,
			);
			defaultConfigurationIsVisible = 0;
			defaultConfigurationName = Release;
		};
/* End XCConfigurationList section */
	};
	rootObject = 8C21662E243DFDF000117FB5 /* Project object */;
}
